# This file is autogenerated, do not edit; changes may be undone by the next 'dep ensure'.


[[projects]]
  name = "github.com/robfig/cron"
  packages = ["."]
  revision = "b024fc5ea0e34bc3f83d9941c8d60b0622bfaca4"
  version = "v1"

[solve-meta]
  analyzer-name = "dep"
  analyzer-version = 1
  inputs-digest = "0013420bd2dea5faedca92c985a3712d02aa787d742da27b41a29ffa68ec9f21"
  solver-name = "gps-cdcl"
  solver-version = 1
